
Microsoft Visual Studio Solution File, Format Version 12.00
# Visual Studio 15
VisualStudioVersion = 15.0.26730.8
MinimumVisualStudioVersion = 10.0.40219.1
Project("{9A19103F-16F7-4668-BE54-9A1E7A4F7556}") = "AWSLambdaService", "AWSLambdaService\AWSLambdaService.csproj", "{77C46208-DD53-42FF-AB97-31C46A8DB7AB}"
EndProject
Project("{9A19103F-16F7-4668-BE54-9A1E7A4F7556}") = "AWSLambdaService.Tests", "AWSLambdaService.Tests\AWSLambdaService.Tests.csproj", "{B5D20AA5-6028-4CAD-ADD6-E6382F011C7B}"
EndProject
Global
	GlobalSection(SolutionConfigurationPlatforms) = preSolution
		Debug|Any CPU = Debug|Any CPU
		Release|Any CPU = Release|Any CPU
	EndGlobalSection
	GlobalSection(ProjectConfigurationPlatforms) = postSolution
		{77C46208-DD53-42FF-AB97-31C46A8DB7AB}.Debug|Any CPU.ActiveCfg = Debug|Any CPU
		{77C46208-DD53-42FF-AB97-31C46A8DB7AB}.Debug|Any CPU.Build.0 = Debug|Any CPU
		{77C46208-DD53-42FF-AB97-31C46A8DB7AB}.Release|Any CPU.ActiveCfg = Release|Any CPU
		{77C46208-DD53-42FF-AB97-31C46A8DB7AB}.Release|Any CPU.Build.0 = Release|Any CPU
		{B5D20AA5-6028-4CAD-ADD6-E6382F011C7B}.Debug|Any CPU.ActiveCfg = Debug|Any CPU
		{B5D20AA5-6028-4CAD-ADD6-E6382F011C7B}.Debug|Any CPU.Build.0 = Debug|Any CPU
		{B5D20AA5-6028-4CAD-ADD6-E6382F011C7B}.Release|Any CPU.ActiveCfg = Release|Any CPU
		{B5D20AA5-6028-4CAD-ADD6-E6382F011C7B}.Release|Any CPU.Build.0 = Release|Any CPU
	EndGlobalSection
	GlobalSection(SolutionProperties) = preSolution
		HideSolutionNode = FALSE
	EndGlobalSection
	GlobalSection(ExtensibilityGlobals) = postSolution
		SolutionGuid = {C35EB794-EAC5-45F8-8BC2-1FA4E31B40E9}
	EndGlobalSection
EndGlobal
